
Microsoft Visual Studio Solution File, Format Version 12.00
# Visual Studio Version 17
VisualStudioVersion = 17.3.32825.248
MinimumVisualStudioVersion = 10.0.40219.1
Project("{FAE04EC0-301F-11D3-BF4B-00C04F79EFBC}") = "ProjectWeb", "ProjectWeb\ProjectWeb.csproj", "{410CB540-5834-4F92-BEA3-3B8392BB91C0}"
EndProject
Global
	GlobalSection(SolutionConfigurationPlatforms) = preSolution
		Debug|Any CPU = Debug|Any CPU
		Release|Any CPU = Release|Any CPU
	EndGlobalSection
	GlobalSection(ProjectConfigurationPlatforms) = postSolution
		{410CB540-5834-4F92-BEA3-3B8392BB91C0}.Debug|Any CPU.ActiveCfg = Debug|Any CPU
		{410CB540-5834-4F92-BEA3-3B8392BB91C0}.Debug|Any CPU.Build.0 = Debug|Any CPU
		{410CB540-5834-4F92-BEA3-3B8392BB91C0}.Release|Any CPU.ActiveCfg = Release|Any CPU
		{410CB540-5834-4F92-BEA3-3B8392BB91C0}.Release|Any CPU.Build.0 = Release|Any CPU
	EndGlobalSection
	GlobalSection(SolutionProperties) = preSolution
		HideSolutionNode = FALSE
	EndGlobalSection
	GlobalSection(ExtensibilityGlobals) = postSolution
		SolutionGuid = {3636EAE9-6FB5-4E06-8D58-1395662BB0DD}
	EndGlobalSection
EndGlobal
